
Microsoft Visual Studio Solution File, Format Version 12.00
# Visual Studio Version 16
VisualStudioVersion = 16.0.30413.136
MinimumVisualStudioVersion = 10.0.40219.1
Project("{FAE04EC0-301F-11D3-BF4B-00C04F79EFBC}") = "Only pans", "Only pans.csproj", "{60CEA7F8-5D7A-42A9-AFBF-BC4C92D6E877}"
EndProject
Global
	GlobalSection(SolutionConfigurationPlatforms) = preSolution
		Debug|Any CPU = Debug|Any CPU
		Release|Any CPU = Release|Any CPU
	EndGlobalSection
	GlobalSection(ProjectConfigurationPlatforms) = postSolution
		{60CEA7F8-5D7A-42A9-AFBF-BC4C92D6E877}.Debug|Any CPU.ActiveCfg = Debug|Any CPU
		{60CEA7F8-5D7A-42A9-AFBF-BC4C92D6E877}.Debug|Any CPU.Build.0 = Debug|Any CPU
		{60CEA7F8-5D7A-42A9-AFBF-BC4C92D6E877}.Release|Any CPU.ActiveCfg = Release|Any CPU
		{60CEA7F8-5D7A-42A9-AFBF-BC4C92D6E877}.Release|Any CPU.Build.0 = Release|Any CPU
	EndGlobalSection
	GlobalSection(SolutionProperties) = preSolution
		HideSolutionNode = FALSE
	EndGlobalSection
	GlobalSection(ExtensibilityGlobals) = postSolution
		SolutionGuid = {CCE5EA22-1CD4-4402-AE98-E2869D459EC3}
	EndGlobalSection
EndGlobal
